
Microsoft Visual Studio Solution File, Format Version 12.00
# Visual Studio 15
VisualStudioVersion = 15.0.27130.2020
MinimumVisualStudioVersion = 10.0.40219.1
Project("{E24C65DC-7377-472B-9ABA-BC803B73C61A}") = "my-app", ".", "{2A97D260-CE03-4FDF-AF46-D59F61170AA6}"
	ProjectSection(WebsiteProperties) = preProject
		TargetFrameworkMoniker = ".NETFramework,Version%3Dv4.0"
		Debug.AspNetCompiler.VirtualPath = "/localhost_61385"
		Debug.AspNetCompiler.PhysicalPath = "..\my-app\"
		Debug.AspNetCompiler.TargetPath = "PrecompiledWeb\localhost_61385\"
		Debug.AspNetCompiler.Updateable = "true"
		Debug.AspNetCompiler.ForceOverwrite = "true"
		Debug.AspNetCompiler.FixedNames = "false"
		Debug.AspNetCompiler.Debug = "True"
		Release.AspNetCompiler.VirtualPath = "/localhost_61385"
		Release.AspNetCompiler.PhysicalPath = "..\my-app\"
		Release.AspNetCompiler.TargetPath = "PrecompiledWeb\localhost_61385\"
		Release.AspNetCompiler.Updateable = "true"
		Release.AspNetCompiler.ForceOverwrite = "true"
		Release.AspNetCompiler.FixedNames = "false"
		Release.AspNetCompiler.Debug = "False"
		VWDPort = "61385"
		SlnRelativePath = "..\my-app\"
	EndProjectSection
EndProject
Global
	GlobalSection(SolutionConfigurationPlatforms) = preSolution
		Debug|Any CPU = Debug|Any CPU
	EndGlobalSection
	GlobalSection(ProjectConfigurationPlatforms) = postSolution
		{2A97D260-CE03-4FDF-AF46-D59F61170AA6}.Debug|Any CPU.ActiveCfg = Debug|Any CPU
		{2A97D260-CE03-4FDF-AF46-D59F61170AA6}.Debug|Any CPU.Build.0 = Debug|Any CPU
	EndGlobalSection
	GlobalSection(SolutionProperties) = preSolution
		HideSolutionNode = FALSE
	EndGlobalSection
	GlobalSection(ExtensibilityGlobals) = postSolution
		SolutionGuid = {5EE11F23-B662-499E-9915-45742B168DDA}
	EndGlobalSection
EndGlobal
